
Microsoft Visual Studio Solution File, Format Version 12.00
# Visual Studio Version 16
VisualStudioVersion = 16.0.28803.202
MinimumVisualStudioVersion = 10.0.40219.1
Project("{9A19103F-16F7-4668-BE54-9A1E7A4F7556}") = "Nethereum.TryOnBrowser", "Nethereum.TryOnBrowser\Nethereum.TryOnBrowser.csproj", "{6383917C-C048-4C00-8A1C-7D9B3090B0B4}"
EndProject
Global
	GlobalSection(SolutionConfigurationPlatforms) = preSolution
		Debug|Any CPU = Debug|Any CPU
		Release|Any CPU = Release|Any CPU
	EndGlobalSection
	GlobalSection(ProjectConfigurationPlatforms) = postSolution
		{6383917C-C048-4C00-8A1C-7D9B3090B0B4}.Debug|Any CPU.ActiveCfg = Debug|Any CPU
		{6383917C-C048-4C00-8A1C-7D9B3090B0B4}.Debug|Any CPU.Build.0 = Debug|Any CPU
		{6383917C-C048-4C00-8A1C-7D9B3090B0B4}.Release|Any CPU.ActiveCfg = Release|Any CPU
		{6383917C-C048-4C00-8A1C-7D9B3090B0B4}.Release|Any CPU.Build.0 = Release|Any CPU
	EndGlobalSection
	GlobalSection(SolutionProperties) = preSolution
		HideSolutionNode = FALSE
	EndGlobalSection
	GlobalSection(ExtensibilityGlobals) = postSolution
		SolutionGuid = {FB8D7FFD-9F30-4B04-BF65-F5E84CE3704E}
	EndGlobalSection
EndGlobal
